{
  "lockfile_version": "1",
  "packages": {
    "go@1.21.0": {
      "last_modified": "2023-09-06T20:35:33Z",
      "resolved": "github:NixOS/nixpkgs/efd23a1c9ae8c574e2ca923c2b2dc336797f4cc4#go_1_21",
      "source": "devbox-search",
      "version": "1.21.0",
      "systems": {
        "aarch64-darwin": {
          "store_path": "/nix/store/aky2yzmfrmisnj69ih3192svj2w1lnj3-go-1.21.0"
        },
        "aarch64-linux": {
          "store_path": "/nix/store/irynv3agf0viw4agi6v3yrn5m3ka9aj8-go-1.21.0"
        },
        "x86_64-darwin": {
          "store_path": "/nix/store/y0wcg3mq3nw5dg5d7vgsv8v3jfxh3ja8-go-1.21.0"
        },
        "x86_64-linux": {
          "store_path": "/nix/store/m59xhs69p2v5hwrkj8i74j1gk4wym1yv-go-1.21.0"
        }
      }
    }
  }
}
